{
  "name": "dt-manager-web-helper",
  "lockfileVersion": 3,
  "requires": true,
  "packages": {
    "": {
      "name": "dt-manager-web-helper",
      "dependencies": {
        "frida-java-bridge": "7.0.8"
      }
    },
    "node_modules/frida-java-bridge": {
      "version": "7.0.8",
      "resolved": "https://registry.npmjs.org/frida-java-bridge/-/frida-java-bridge-7.0.8.tgz",
      "integrity": "sha512-EmqoTGzcDuCd+YFcjBJJPf7iVQCSbbj9fD0/TN8YYYwl5ZJtTqaCLTTsaC07o3bJaDVs/f3ks+Vu1bOw0S1PnQ==",
      "license": "LGPL-2.0 WITH WxWindows-exception-3.1"
    }
  }
}
